<?xml version="1.0" encoding="utf-8"?>
<Project ToolsVersion="4.0" xmlns="http://schemas.microsoft.com/developer/msbuild/2003">
  <ItemGroup>
    <None Include="SdkPathConfig.props" />
  </ItemGroup>
  <ItemGroup>
    <Filter Include="SourceCode">
      <UniqueIdentifier>{0a778db4-3ecf-49f5-8943-4d625fe45823}</UniqueIdentifier>
    </Filter>
    <Filter Include="LuaSpore">
      <UniqueIdentifier>{f8239c54-498d-46c0-9436-5323e83b06af}</UniqueIdentifier>
    </Filter>
    <Filter Include="SourceCode\DLL">
      <UniqueIdentifier>{86fd4b1b-cca9-4c19-b855-9bb4f6f0b739}</UniqueIdentifier>
    </Filter>
    <Filter Include="SourceCode\Bindings">
      <UniqueIdentifier>{83a13d7d-3f49-4002-9267-417a40ed3260}</UniqueIdentifier>
    </Filter>
  </ItemGroup>
  <ItemGroup>
    <ClCompile Include="SourceCode\DLL\dllmain.cpp">
      <Filter>SourceCode\DLL</Filter>
    </ClCompile>
    <ClCompile Include="SourceCode\DLL\pch.cpp">
      <Filter>SourceCode\DLL</Filter>
    </ClCompile>
    <ClCompile Include="SourceCode\LuaSpore.cpp">
      <Filter>SourceCode</Filter>
    </ClCompile>
    <ClCompile Include="SourceCode\LuaGlobals.cpp">
      <Filter>SourceCode</Filter>
    </ClCompile>
    <ClCompile Include="SourceCode\DLL\LuaConsole.cpp">
      <Filter>SourceCode\DLL</Filter>
    </ClCompile>
    <ClCompile Include="SourceCode\Bindings\PropManager.cpp">
      <Filter>SourceCode\Bindings</Filter>
    </ClCompile>
    <ClCompile Include="SourceCode\Bindings\PropertyList.cpp" />
    <ClCompile Include="SourceCode\Bindings\Property.cpp" />
    <ClCompile Include="SourceCode\Bindings\PropertyTypes.cpp" />
    <ClCompile Include="SourceCode\LuaBinding.cpp" />
  </ItemGroup>
  <ItemGroup>
    <ClInclude Include="SourceCode\DLL\pch.h">
      <Filter>SourceCode\DLL</Filter>
    </ClInclude>
    <ClInclude Include="SourceCode\DLL\targetver.h">
      <Filter>SourceCode\DLL</Filter>
    </ClInclude>
    <ClInclude Include="LuaSpore\LuaSpore.h">
      <Filter>LuaSpore</Filter>
    </ClInclude>
    <ClInclude Include="LuaSpore\LuaInternal.h">
      <Filter>LuaSpore</Filter>
    </ClInclude>
    <ClInclude Include="SourceCode\DLL\LuaConsole.h">
      <Filter>SourceCode\DLL</Filter>
    </ClInclude>
    <ClInclude Include="LuaSpore\DefaultIncludes.h">
      <Filter>LuaSpore</Filter>
    </ClInclude>
    <ClInclude Include="LuaSpore\LuaAPI.h" />
    <ClInclude Include="LuaSpore\Extensions\Property.h" />
    <ClInclude Include="sol\config.hpp" />
    <ClInclude Include="sol\forward.hpp" />
    <ClInclude Include="sol\sol.hpp" />
    <ClInclude Include="LuaSpore\SolExtensions.h" />
    <ClInclude Include="LuaSpore\LuaBinding.h" />
  </ItemGroup>
</Project>