<?xml version="1.0" encoding="utf-8"?>
<Project ToolsVersion="4.0" xmlns="http://schemas.microsoft.com/developer/msbuild/2003">
  <ItemGroup>
    <None Include="SdkPathConfig.props" />
  </ItemGroup>
  <ItemGroup>
    <ClCompile Include="SourceCode\Bindings\PropertyList.cpp" />
    <ClCompile Include="SourceCode\Bindings\Property.cpp" />
    <ClCompile Include="SourceCode\Bindings\PropertyTypes.cpp" />
    <ClCompile Include="SourceCode\LuaSporeCallbacks.cpp" />
    <ClCompile Include="SourceCode\SporeDetours.cpp" />
    <ClCompile Include="SourceCode\Bindings\IKeyFilter.cpp" />
    <ClCompile Include="SourceCode\GameEvents\InitializePropManager.cpp" />
    <ClCompile Include="SourceCode\DLL\LuaDetours.cpp" />
    <ClCompile Include="SourceCode\LuaSpore.cpp" />
    <ClCompile Include="SourceCode\LuaGlobals.cpp" />
    <ClCompile Include="SourceCode\Bindings\PropManager.cpp" />
    <ClCompile Include="SourceCode\DLL\dllmain.cpp" />
    <ClCompile Include="SourceCode\DLL\LuaConsole.cpp" />
    <ClCompile Include="SourceCode\DLL\pch.cpp" />
    <ClCompile Include="SourceCode\lua\luser.cpp" />
    <ClCompile Include="SourceCode\LuaMutex.cpp" />
  </ItemGroup>
  <ItemGroup>
    <ClInclude Include="LuaSpore\Extensions\Property.h" />
    <ClInclude Include="sol\config.hpp" />
    <ClInclude Include="sol\forward.hpp" />
    <ClInclude Include="sol\sol.hpp" />
    <ClInclude Include="LuaSpore\SolExtensions.h" />
    <ClInclude Include="LuaSpore\LuaSporeCallbacks.h" />
    <ClInclude Include="LuaSpore\SporeDetours.h" />
    <ClInclude Include="LuaSpore\LuaSporeMultiReference.h" />
    <ClInclude Include="LuaSpore\LuaSpore.h" />
    <ClInclude Include="LuaSpore\DefaultIncludes.h" />
    <ClInclude Include="LuaSpore\LuaInternal.h" />
    <ClInclude Include="SourceCode\DLL\targetver.h" />
    <ClInclude Include="SourceCode\DLL\pch.h" />
    <ClInclude Include="SourceCode\lua\luser.h" />
    <ClInclude Include="LuaSpore\LuaMutex.h" />
  </ItemGroup>
</Project>