<?xml version="1.0" encoding="utf-8"?>
<Project ToolsVersion="4.0" xmlns="http://schemas.microsoft.com/developer/msbuild/2003">
  <ItemGroup>
    <None Include="SdkPathConfig.props" />
  </ItemGroup>
  <ItemGroup>
    <Filter Include="SourceCode">
      <UniqueIdentifier>{0a778db4-3ecf-49f5-8943-4d625fe45823}</UniqueIdentifier>
    </Filter>
    <Filter Include="LuaSpore">
      <UniqueIdentifier>{f8239c54-498d-46c0-9436-5323e83b06af}</UniqueIdentifier>
    </Filter>
    <Filter Include="SourceCode\DLL">
      <UniqueIdentifier>{86fd4b1b-cca9-4c19-b855-9bb4f6f0b739}</UniqueIdentifier>
    </Filter>
    <Filter Include="SourceCode\Console">
      <UniqueIdentifier>{0109d75f-71fa-48a9-8eff-3508f0b329e9}</UniqueIdentifier>
    </Filter>
  </ItemGroup>
  <ItemGroup>
    <ClCompile Include="SourceCode\DLL\dllmain.cpp">
      <Filter>SourceCode\DLL</Filter>
    </ClCompile>
    <ClCompile Include="SourceCode\DLL\pch.cpp">
      <Filter>SourceCode\DLL</Filter>
    </ClCompile>
    <ClCompile Include="SourceCode\Console\LuaConsole.cpp">
      <Filter>SourceCode\Console</Filter>
    </ClCompile>
    <ClCompile Include="SourceCode\LuaSpore.cpp">
      <Filter>SourceCode</Filter>
    </ClCompile>
    <ClCompile Include="SourceCode\LuaGlobals.cpp">
      <Filter>SourceCode</Filter>
    </ClCompile>
  </ItemGroup>
  <ItemGroup>
    <ClInclude Include="SourceCode\DLL\pch.h">
      <Filter>SourceCode\DLL</Filter>
    </ClInclude>
    <ClInclude Include="SourceCode\DLL\targetver.h">
      <Filter>SourceCode\DLL</Filter>
    </ClInclude>
    <ClInclude Include="SourceCode\Console\LuaConsole.h">
      <Filter>SourceCode\Console</Filter>
    </ClInclude>
    <ClInclude Include="LuaSpore\LuaSpore.h">
      <Filter>LuaSpore</Filter>
    </ClInclude>
    <ClInclude Include="LuaSpore\LuaInternal.h">
      <Filter>LuaSpore</Filter>
    </ClInclude>
  </ItemGroup>
</Project>